
Microsoft Visual Studio Solution File, Format Version 12.00
# Visual Studio Version 16
VisualStudioVersion = 16.0.30503.244
MinimumVisualStudioVersion = 10.0.40219.1
Project("{FAE04EC0-301F-11D3-BF4B-00C04F79EFBC}") = "ImageSharingWithModel", "ImageSharingWithModel\ImageSharingWithModel.csproj", "{2A4123CB-EE81-4F29-BF65-E38C5485AF5C}"
EndProject
Global
	GlobalSection(SolutionConfigurationPlatforms) = preSolution
		Debug|Any CPU = Debug|Any CPU
		Release|Any CPU = Release|Any CPU
	EndGlobalSection
	GlobalSection(ProjectConfigurationPlatforms) = postSolution
		{2A4123CB-EE81-4F29-BF65-E38C5485AF5C}.Debug|Any CPU.ActiveCfg = Debug|Any CPU
		{2A4123CB-EE81-4F29-BF65-E38C5485AF5C}.Debug|Any CPU.Build.0 = Debug|Any CPU
		{2A4123CB-EE81-4F29-BF65-E38C5485AF5C}.Release|Any CPU.ActiveCfg = Release|Any CPU
		{2A4123CB-EE81-4F29-BF65-E38C5485AF5C}.Release|Any CPU.Build.0 = Release|Any CPU
	EndGlobalSection
	GlobalSection(SolutionProperties) = preSolution
		HideSolutionNode = FALSE
	EndGlobalSection
	GlobalSection(ExtensibilityGlobals) = postSolution
		SolutionGuid = {1AF7719F-7011-4D77-9C67-BD5F7A4123A4}
	EndGlobalSection
EndGlobal
